// !$*UTF8*$!
{
	archiveVersion = 1;
	classes = {
	};
	objectVersion = 50;
	objects = {

/* Begin PBXBuildFile section */
		F74D5CE32415782800016091 /* JordansRoom_test6.dae in Resources */ = {isa = PBXBuildFile; fileRef = F74D5CE22415782800016091 /* JordansRoom_test6.dae */; };
		F7CE18AF2409C2D60058C6FF /* AppDelegate.swift in Sources */ = {isa = PBXBuildFile; fileRef = F7CE18AE2409C2D60058C6FF /* AppDelegate.swift */; };
		F7CE18B12409C2D60058C6FF /* art.scnassets in Resources */ = {isa = PBXBuildFile; fileRef = F7CE18B02409C2D60058C6FF /* art.scnassets */; };
		F7CE18B32409C2D60058C6FF /* ViewController.swift in Sources */ = {isa = PBXBuildFile; fileRef = F7CE18B22409C2D60058C6FF /* ViewController.swift */; };
		F7CE18B62409C2D60058C6FF /* Main.storyboard in Resources */ = {isa = PBXBuildFile; fileRef = F7CE18B42409C2D60058C6FF /* Main.storyboard */; };
		F7CE18B82409C2D80058C6FF /* Assets.xcassets in Resources */ = {isa = PBXBuildFile; fileRef = F7CE18B72409C2D80058C6FF /* Assets.xcassets */; };
		F7CE18BB2409C2D80058C6FF /* LaunchScreen.storyboard in Resources */ = {isa = PBXBuildFile; fileRef = F7CE18B92409C2D80058C6FF /* LaunchScreen.storyboard */; };
		F7CE18CB2409CC1B0058C6FF /* sphere3.dae in Resources */ = {isa = PBXBuildFile; fileRef = F7CE18CA2409CC1B0058C6FF /* sphere3.dae */; };
		F7E125ED241489F200124BB1 /* jordans-bedroom-arkit-opt2.dae in Resources */ = {isa = PBXBuildFile; fileRef = F7E125EC241489F200124BB1 /* jordans-bedroom-arkit-opt2.dae */; };
/* End PBXBuildFile section */

/* Begin PBXFileReference section */
		F74D5CE22415782800016091 /* JordansRoom_test6.dae */ = {isa = PBXFileReference; fileEncoding = 4; lastKnownFileType = text.xml.dae; name = JordansRoom_test6.dae; path = ../../JordansRoom_test6.dae; sourceTree = "<group>"; };
		F7CE18AB2409C2D60058C6FF /* Drawing App.app */ = {isa = PBXFileReference; explicitFileType = wrapper.application; includeInIndex = 0; path = "Drawing App.app"; sourceTree = BUILT_PRODUCTS_DIR; };
		F7CE18AE2409C2D60058C6FF /* AppDelegate.swift */ = {isa = PBXFileReference; lastKnownFileType = sourcecode.swift; path = AppDelegate.swift; sourceTree = "<group>"; };
		F7CE18B02409C2D60058C6FF /* art.scnassets */ = {isa = PBXFileReference; lastKnownFileType = wrapper.scnassets; path = art.scnassets; sourceTree = "<group>"; };
		F7CE18B22409C2D60058C6FF /* ViewController.swift */ = {isa = PBXFileReference; lastKnownFileType = sourcecode.swift; path = ViewController.swift; sourceTree = "<group>"; };
		F7CE18B52409C2D60058C6FF /* Base */ = {isa = PBXFileReference; lastKnownFileType = file.storyboard; name = Base; path = Base.lproj/Main.storyboard; sourceTree = "<group>"; };
		F7CE18B72409C2D80058C6FF /* Assets.xcassets */ = {isa = PBXFileReference; lastKnownFileType = folder.assetcatalog; path = Assets.xcassets; sourceTree = "<group>"; };
		F7CE18BA2409C2D80058C6FF /* Base */ = {isa = PBXFileReference; lastKnownFileType = file.storyboard; name = Base; path = Base.lproj/LaunchScreen.storyboard; sourceTree = "<group>"; };
		F7CE18BC2409C2D80058C6FF /* Info.plist */ = {isa = PBXFileReference; lastKnownFileType = text.plist.xml; path = Info.plist; sourceTree = "<group>"; };
		F7CE18CA2409CC1B0058C6FF /* sphere3.dae */ = {isa = PBXFileReference; fileEncoding = 4; lastKnownFileType = text.xml.dae; name = sphere3.dae; path = ../../sphere3.dae; sourceTree = "<group>"; };
		F7E125EC241489F200124BB1 /* jordans-bedroom-arkit-opt2.dae */ = {isa = PBXFileReference; fileEncoding = 4; lastKnownFileType = text.xml.dae; name = "jordans-bedroom-arkit-opt2.dae"; path = "../../jordans-bedroom-arkit-opt2.dae"; sourceTree = "<group>"; };
/* End PBXFileReference section */

/* Begin PBXFrameworksBuildPhase section */
		F7CE18A82409C2D60058C6FF /* Frameworks */ = {
			isa = PBXFrameworksBuildPhase;
			buildActionMask = 2147483647;
			files = (
			);
			runOnlyForDeploymentPostprocessing = 0;
		};
/* End PBXFrameworksBuildPhase section */

/* Begin PBXGroup section */
		F7CE18A22409C2D60058C6FF = {
			isa = PBXGroup;
			children = (
				F7CE18AD2409C2D60058C6FF /* Drawing App */,
				F7CE18AC2409C2D60058C6FF /* Products */,
			);
			sourceTree = "<group>";
		};
		F7CE18AC2409C2D60058C6FF /* Products */ = {
			isa = PBXGroup;
			children = (
				F7CE18AB2409C2D60058C6FF /* Drawing App.app */,
			);
			name = Products;
			sourceTree = "<group>";
		};
		F7CE18AD2409C2D60058C6FF /* Drawing App */ = {
			isa = PBXGroup;
			children = (
				F7CE18AE2409C2D60058C6FF /* AppDelegate.swift */,
				F7CE18B02409C2D60058C6FF /* art.scnassets */,
				F7CE18B22409C2D60058C6FF /* ViewController.swift */,
				F7CE18CA2409CC1B0058C6FF /* sphere3.dae */,
				F7E125EC241489F200124BB1 /* jordans-bedroom-arkit-opt2.dae */,
				F74D5CE22415782800016091 /* JordansRoom_test6.dae */,
				F7CE18B42409C2D60058C6FF /* Main.storyboard */,
				F7CE18B72409C2D80058C6FF /* Assets.xcassets */,
				F7CE18B92409C2D80058C6FF /* LaunchScreen.storyboard */,
				F7CE18BC2409C2D80058C6FF /* Info.plist */,
			);
			path = "Drawing App";
			sourceTree = "<group>";
		};
/* End PBXGroup section */

/* Begin PBXNativeTarget section */
		F7CE18AA2409C2D60058C6FF /* Drawing App */ = {
			isa = PBXNativeTarget;
			buildConfigurationList = F7CE18BF2409C2D80058C6FF /* Build configuration list for PBXNativeTarget "Drawing App" */;
			buildPhases = (
				F7CE18A72409C2D60058C6FF /* Sources */,
				F7CE18A82409C2D60058C6FF /* Frameworks */,
				F7CE18A92409C2D60058C6FF /* Resources */,
			);
			buildRules = (
			);
			dependencies = (
			);
			name = "Drawing App";
			productName = "Drawing App";
			productReference = F7CE18AB2409C2D60058C6FF /* Drawing App.app */;
			productType = "com.apple.product-type.application";
		};
/* End PBXNativeTarget section */

/* Begin PBXProject section */
		F7CE18A32409C2D60058C6FF /* Project object */ = {
			isa = PBXProject;
			attributes = {
				LastSwiftUpdateCheck = 1130;
				LastUpgradeCheck = 1130;
				ORGANIZATIONNAME = "Roneilla Bumanlag";
				TargetAttributes = {
					F7CE18AA2409C2D60058C6FF = {
						CreatedOnToolsVersion = 11.3;
					};
				};
			};
			buildConfigurationList = F7CE18A62409C2D60058C6FF /* Build configuration list for PBXProject "Drawing App" */;
			compatibilityVersion = "Xcode 9.3";
			developmentRegion = en;
			hasScannedForEncodings = 0;
			knownRegions = (
				en,
				Base,
			);
			mainGroup = F7CE18A22409C2D60058C6FF;
			productRefGroup = F7CE18AC2409C2D60058C6FF /* Products */;
			projectDirPath = "";
			projectRoot = "";
			targets = (
				F7CE18AA2409C2D60058C6FF /* Drawing App */,
			);
		};
/* End PBXProject section */

/* Begin PBXResourcesBuildPhase section */
		F7CE18A92409C2D60058C6FF /* Resources */ = {
			isa = PBXResourcesBuildPhase;
			buildActionMask = 2147483647;
			files = (
				F74D5CE32415782800016091 /* JordansRoom_test6.dae in Resources */,
				F7CE18B12409C2D60058C6FF /* art.scnassets in Resources */,
				F7E125ED241489F200124BB1 /* jordans-bedroom-arkit-opt2.dae in Resources */,
				F7CE18CB2409CC1B0058C6FF /* sphere3.dae in Resources */,
				F7CE18BB2409C2D80058C6FF /* LaunchScreen.storyboard in Resources */,
				F7CE18B82409C2D80058C6FF /* Assets.xcassets in Resources */,
				F7CE18B62409C2D60058C6FF /* Main.storyboard in Resources */,
			);
			runOnlyForDeploymentPostprocessing = 0;
		};
/* End PBXResourcesBuildPhase section */

/* Begin PBXSourcesBuildPhase section */
		F7CE18A72409C2D60058C6FF /* Sources */ = {
			isa = PBXSourcesBuildPhase;
			buildActionMask = 2147483647;
			files = (
				F7CE18B32409C2D60058C6FF /* ViewController.swift in Sources */,
				F7CE18AF2409C2D60058C6FF /* AppDelegate.swift in Sources */,
			);
			runOnlyForDeploymentPostprocessing = 0;
		};
/* End PBXSourcesBuildPhase section */

/* Begin PBXVariantGroup section */
		F7CE18B42409C2D60058C6FF /* Main.storyboard */ = {
			isa = PBXVariantGroup;
			children = (
				F7CE18B52409C2D60058C6FF /* Base */,
			);
			name = Main.storyboard;
			sourceTree = "<group>";
		};
		F7CE18B92409C2D80058C6FF /* LaunchScreen.storyboard */ = {
			isa = PBXVariantGroup;
			children = (
				F7CE18BA2409C2D80058C6FF /* Base */,
			);
			name = LaunchScreen.storyboard;
			sourceTree = "<group>";
		};
/* End PBXVariantGroup section */

/* Begin XCBuildConfiguration section */
		F7CE18BD2409C2D80058C6FF /* Debug */ = {
			isa = XCBuildConfiguration;
			buildSettings = {
				ALWAYS_SEARCH_USER_PATHS = NO;
				CLANG_ANALYZER_NONNULL = YES;
				CLANG_ANALYZER_NUMBER_OBJECT_CONVERSION = YES_AGGRESSIVE;
				CLANG_CXX_LANGUAGE_STANDARD = "gnu++14";
				CLANG_CXX_LIBRARY = "libc++";
				CLANG_ENABLE_MODULES = YES;
				CLANG_ENABLE_OBJC_ARC = YES;
				CLANG_ENABLE_OBJC_WEAK = YES;
				CLANG_WARN_BLOCK_CAPTURE_AUTORELEASING = YES;
				CLANG_WARN_BOOL_CONVERSION = YES;
				CLANG_WARN_COMMA = YES;
				CLANG_WARN_CONSTANT_CONVERSION = YES;
				CLANG_WARN_DEPRECATED_OBJC_IMPLEMENTATIONS = YES;
				CLANG_WARN_DIRECT_OBJC_ISA_USAGE = YES_ERROR;
				CLANG_WARN_DOCUMENTATION_COMMENTS = YES;
				CLANG_WARN_EMPTY_BODY = YES;
				CLANG_WARN_ENUM_CONVERSION = YES;
				CLANG_WARN_INFINITE_RECURSION = YES;
				CLANG_WARN_INT_CONVERSION = YES;
				CLANG_WARN_NON_LITERAL_NULL_CONVERSION = YES;
				CLANG_WARN_OBJC_IMPLICIT_RETAIN_SELF = YES;
				CLANG_WARN_OBJC_LITERAL_CONVERSION = YES;
				CLANG_WARN_OBJC_ROOT_CLASS = YES_ERROR;
				CLANG_WARN_RANGE_LOOP_ANALYSIS = YES;
				CLANG_WARN_STRICT_PROTOTYPES = YES;
				CLANG_WARN_SUSPICIOUS_MOVE = YES;
				CLANG_WARN_UNGUARDED_AVAILABILITY = YES_AGGRESSIVE;
				CLANG_WARN_UNREACHABLE_CODE = YES;
				CLANG_WARN__DUPLICATE_METHOD_MATCH = YES;
				COPY_PHASE_STRIP = NO;
				DEBUG_INFORMATION_FORMAT = dwarf;
				ENABLE_STRICT_OBJC_MSGSEND = YES;
				ENABLE_TESTABILITY = YES;
				GCC_C_LANGUAGE_STANDARD = gnu11;
				GCC_DYNAMIC_NO_PIC = NO;
				GCC_NO_COMMON_BLOCKS = YES;
				GCC_OPTIMIZATION_LEVEL = 0;
				GCC_PREPROCESSOR_DEFINITIONS = (
					"DEBUG=1",
					"$(inherited)",
				);
				GCC_WARN_64_TO_32_BIT_CONVERSION = YES;
				GCC_WARN_ABOUT_RETURN_TYPE = YES_ERROR;
				GCC_WARN_UNDECLARED_SELECTOR = YES;
				GCC_WARN_UNINITIALIZED_AUTOS = YES_AGGRESSIVE;
				GCC_WARN_UNUSED_FUNCTION = YES;
				GCC_WARN_UNUSED_VARIABLE = YES;
				IPHONEOS_DEPLOYMENT_TARGET = 13.2;
				MTL_ENABLE_DEBUG_INFO = INCLUDE_SOURCE;
				MTL_FAST_MATH = YES;
				ONLY_ACTIVE_ARCH = YES;
				SDKROOT = iphoneos;
				SWIFT_ACTIVE_COMPILATION_CONDITIONS = DEBUG;
				SWIFT_OPTIMIZATION_LEVEL = "-Onone";
			};
			name = Debug;
		};
		F7CE18BE2409C2D80058C6FF /* Release */ = {
			isa = XCBuildConfiguration;
			buildSettings = {
				ALWAYS_SEARCH_USER_PATHS = NO;
				CLANG_ANALYZER_NONNULL = YES;
				CLANG_ANALYZER_NUMBER_OBJECT_CONVERSION = YES_AGGRESSIVE;
				CLANG_CXX_LANGUAGE_STANDARD = "gnu++14";
				CLANG_CXX_LIBRARY = "libc++";
				CLANG_ENABLE_MODULES = YES;
				CLANG_ENABLE_OBJC_ARC = YES;
				CLANG_ENABLE_OBJC_WEAK = YES;
				CLANG_WARN_BLOCK_CAPTURE_AUTORELEASING = YES;
				CLANG_WARN_BOOL_CONVERSION = YES;
				CLANG_WARN_COMMA = YES;
				CLANG_WARN_CONSTANT_CONVERSION = YES;
				CLANG_WARN_DEPRECATED_OBJC_IMPLEMENTATIONS = YES;
				CLANG_WARN_DIRECT_OBJC_ISA_USAGE = YES_ERROR;
				CLANG_WARN_DOCUMENTATION_COMMENTS = YES;
				CLANG_WARN_EMPTY_BODY = YES;
				CLANG_WARN_ENUM_CONVERSION = YES;
				CLANG_WARN_INFINITE_RECURSION = YES;
				CLANG_WARN_INT_CONVERSION = YES;
				CLANG_WARN_NON_LITERAL_NULL_CONVERSION = YES;
				CLANG_WARN_OBJC_IMPLICIT_RETAIN_SELF = YES;
				CLANG_WARN_OBJC_LITERAL_CONVERSION = YES;
				CLANG_WARN_OBJC_ROOT_CLASS = YES_ERROR;
				CLANG_WARN_RANGE_LOOP_ANALYSIS = YES;
				CLANG_WARN_STRICT_PROTOTYPES = YES;
				CLANG_WARN_SUSPICIOUS_MOVE = YES;
				CLANG_WARN_UNGUARDED_AVAILABILITY = YES_AGGRESSIVE;
				CLANG_WARN_UNREACHABLE_CODE = YES;
				CLANG_WARN__DUPLICATE_METHOD_MATCH = YES;
				COPY_PHASE_STRIP = NO;
				DEBUG_INFORMATION_FORMAT = "dwarf-with-dsym";
				ENABLE_NS_ASSERTIONS = NO;
				ENABLE_STRICT_OBJC_MSGSEND = YES;
				GCC_C_LANGUAGE_STANDARD = gnu11;
				GCC_NO_COMMON_BLOCKS = YES;
				GCC_WARN_64_TO_32_BIT_CONVERSION = YES;
				GCC_WARN_ABOUT_RETURN_TYPE = YES_ERROR;
				GCC_WARN_UNDECLARED_SELECTOR = YES;
				GCC_WARN_UNINITIALIZED_AUTOS = YES_AGGRESSIVE;
				GCC_WARN_UNUSED_FUNCTION = YES;
				GCC_WARN_UNUSED_VARIABLE = YES;
				IPHONEOS_DEPLOYMENT_TARGET = 13.2;
				MTL_ENABLE_DEBUG_INFO = NO;
				MTL_FAST_MATH = YES;
				SDKROOT = iphoneos;
				SWIFT_COMPILATION_MODE = wholemodule;
				SWIFT_OPTIMIZATION_LEVEL = "-O";
				VALIDATE_PRODUCT = YES;
			};
			name = Release;
		};
		F7CE18C02409C2D80058C6FF /* Debug */ = {
			isa = XCBuildConfiguration;
			buildSettings = {
				ASSETCATALOG_COMPILER_APPICON_NAME = AppIcon;
				CODE_SIGN_STYLE = Automatic;
				DEVELOPMENT_TEAM = 5F5HN7VBPW;
				INFOPLIST_FILE = "Drawing App/Info.plist";
				LD_RUNPATH_SEARCH_PATHS = (
					"$(inherited)",
					"@executable_path/Frameworks",
				);
				PRODUCT_BUNDLE_IDENTIFIER = "bumanlagroneilla.Drawing-App";
				PRODUCT_NAME = "$(TARGET_NAME)";
				SWIFT_VERSION = 5.0;
				TARGETED_DEVICE_FAMILY = "1,2";
			};
			name = Debug;
		};
		F7CE18C12409C2D80058C6FF /* Release */ = {
			isa = XCBuildConfiguration;
			buildSettings = {
				ASSETCATALOG_COMPILER_APPICON_NAME = AppIcon;
				CODE_SIGN_STYLE = Automatic;
				DEVELOPMENT_TEAM = 5F5HN7VBPW;
				INFOPLIST_FILE = "Drawing App/Info.plist";
				LD_RUNPATH_SEARCH_PATHS = (
					"$(inherited)",
					"@executable_path/Frameworks",
				);
				PRODUCT_BUNDLE_IDENTIFIER = "bumanlagroneilla.Drawing-App";
				PRODUCT_NAME = "$(TARGET_NAME)";
				SWIFT_VERSION = 5.0;
				TARGETED_DEVICE_FAMILY = "1,2";
			};
			name = Release;
		};
/* End XCBuildConfiguration section */

/* Begin XCConfigurationList section */
		F7CE18A62409C2D60058C6FF /* Build configuration list for PBXProject "Drawing App" */ = {
			isa = XCConfigurationList;
			buildConfigurations = (
				F7CE18BD2409C2D80058C6FF /* Debug */,
				F7CE18BE2409C2D80058C6FF /* Release */,
			);
			defaultConfigurationIsVisible = 0;
			defaultConfigurationName = Release;
		};
		F7CE18BF2409C2D80058C6FF /* Build configuration list for PBXNativeTarget "Drawing App" */ = {
			isa = XCConfigurationList;
			buildConfigurations = (
				F7CE18C02409C2D80058C6FF /* Debug */,
				F7CE18C12409C2D80058C6FF /* Release */,
			);
			defaultConfigurationIsVisible = 0;
			defaultConfigurationName = Release;
		};
/* End XCConfigurationList section */
	};
	rootObject = F7CE18A32409C2D60058C6FF /* Project object */;
}
